// !$*UTF8*$!
{
	archiveVersion = 1;
	classes = {
	};
	objectVersion = 50;
	objects = {

/* Begin PBXBuildFile section */
		A9073598229CC18F00F590A1 /* AppDelegate.swift in Sources */ = {isa = PBXBuildFile; fileRef = A9073597229CC18F00F590A1 /* AppDelegate.swift */; };
		A907359A229CC18F00F590A1 /* ViewController.swift in Sources */ = {isa = PBXBuildFile; fileRef = A9073599229CC18F00F590A1 /* ViewController.swift */; };
		A907359D229CC18F00F590A1 /* Main.storyboard in Resources */ = {isa = PBXBuildFile; fileRef = A907359B229CC18F00F590A1 /* Main.storyboard */; };
		A907359F229CC19400F590A1 /* Assets.xcassets in Resources */ = {isa = PBXBuildFile; fileRef = A907359E229CC19400F590A1 /* Assets.xcassets */; };
		A90735A2229CC19400F590A1 /* LaunchScreen.storyboard in Resources */ = {isa = PBXBuildFile; fileRef = A90735A0229CC19400F590A1 /* LaunchScreen.storyboard */; };
		A90735AA229CC74600F590A1 /* music2_1.caf in Resources */ = {isa = PBXBuildFile; fileRef = A90735A9229CC6C600F590A1 /* music2_1.caf */; };
		A90735AC229CCE4300F590A1 /* NextViewController.swift in Sources */ = {isa = PBXBuildFile; fileRef = A90735AB229CCE4300F590A1 /* NextViewController.swift */; };
/* End PBXBuildFile section */

/* Begin PBXFileReference section */
		A9073594229CC18F00F590A1 /* sampleAlerm52.app */ = {isa = PBXFileReference; explicitFileType = wrapper.application; includeInIndex = 0; path = sampleAlerm52.app; sourceTree = BUILT_PRODUCTS_DIR; };
		A9073597229CC18F00F590A1 /* AppDelegate.swift */ = {isa = PBXFileReference; lastKnownFileType = sourcecode.swift; path = AppDelegate.swift; sourceTree = "<group>"; };
		A9073599229CC18F00F590A1 /* ViewController.swift */ = {isa = PBXFileReference; lastKnownFileType = sourcecode.swift; path = ViewController.swift; sourceTree = "<group>"; };
		A907359C229CC18F00F590A1 /* Base */ = {isa = PBXFileReference; lastKnownFileType = file.storyboard; name = Base; path = Base.lproj/Main.storyboard; sourceTree = "<group>"; };
		A907359E229CC19400F590A1 /* Assets.xcassets */ = {isa = PBXFileReference; lastKnownFileType = folder.assetcatalog; path = Assets.xcassets; sourceTree = "<group>"; };
		A90735A1229CC19400F590A1 /* Base */ = {isa = PBXFileReference; lastKnownFileType = file.storyboard; name = Base; path = Base.lproj/LaunchScreen.storyboard; sourceTree = "<group>"; };
		A90735A3229CC19400F590A1 /* Info.plist */ = {isa = PBXFileReference; lastKnownFileType = text.plist.xml; path = Info.plist; sourceTree = "<group>"; };
		A90735A9229CC6C600F590A1 /* music2_1.caf */ = {isa = PBXFileReference; lastKnownFileType = file; path = music2_1.caf; sourceTree = "<group>"; };
		A90735AB229CCE4300F590A1 /* NextViewController.swift */ = {isa = PBXFileReference; lastKnownFileType = sourcecode.swift; path = NextViewController.swift; sourceTree = "<group>"; };
/* End PBXFileReference section */

/* Begin PBXFrameworksBuildPhase section */
		A9073591229CC18F00F590A1 /* Frameworks */ = {
			isa = PBXFrameworksBuildPhase;
			buildActionMask = 2147483647;
			files = (
			);
			runOnlyForDeploymentPostprocessing = 0;
		};
/* End PBXFrameworksBuildPhase section */

/* Begin PBXGroup section */
		A907358B229CC18F00F590A1 = {
			isa = PBXGroup;
			children = (
				A9073596229CC18F00F590A1 /* sampleAlerm52 */,
				A9073595229CC18F00F590A1 /* Products */,
			);
			sourceTree = "<group>";
		};
		A9073595229CC18F00F590A1 /* Products */ = {
			isa = PBXGroup;
			children = (
				A9073594229CC18F00F590A1 /* sampleAlerm52.app */,
			);
			name = Products;
			sourceTree = "<group>";
		};
		A9073596229CC18F00F590A1 /* sampleAlerm52 */ = {
			isa = PBXGroup;
			children = (
				A9073597229CC18F00F590A1 /* AppDelegate.swift */,
				A9073599229CC18F00F590A1 /* ViewController.swift */,
				A90735AB229CCE4300F590A1 /* NextViewController.swift */,
				A907359B229CC18F00F590A1 /* Main.storyboard */,
				A907359E229CC19400F590A1 /* Assets.xcassets */,
				A90735A0229CC19400F590A1 /* LaunchScreen.storyboard */,
				A90735A3229CC19400F590A1 /* Info.plist */,
				A90735A9229CC6C600F590A1 /* music2_1.caf */,
			);
			path = sampleAlerm52;
			sourceTree = "<group>";
		};
/* End PBXGroup section */

/* Begin PBXNativeTarget section */
		A9073593229CC18F00F590A1 /* sampleAlerm52 */ = {
			isa = PBXNativeTarget;
			buildConfigurationList = A90735A6229CC19400F590A1 /* Build configuration list for PBXNativeTarget "sampleAlerm52" */;
			buildPhases = (
				A9073590229CC18F00F590A1 /* Sources */,
				A9073591229CC18F00F590A1 /* Frameworks */,
				A9073592229CC18F00F590A1 /* Resources */,
			);
			buildRules = (
			);
			dependencies = (
			);
			name = sampleAlerm52;
			productName = sampleAlerm52;
			productReference = A9073594229CC18F00F590A1 /* sampleAlerm52.app */;
			productType = "com.apple.product-type.application";
		};
/* End PBXNativeTarget section */

/* Begin PBXProject section */
		A907358C229CC18F00F590A1 /* Project object */ = {
			isa = PBXProject;
			attributes = {
				LastSwiftUpdateCheck = 1020;
				LastUpgradeCheck = 1020;
				ORGANIZATIONNAME = ReoOkumura;
				TargetAttributes = {
					A9073593229CC18F00F590A1 = {
						CreatedOnToolsVersion = 10.2.1;
						SystemCapabilities = {
							com.apple.BackgroundModes = {
								enabled = 1;
							};
						};
					};
				};
			};
			buildConfigurationList = A907358F229CC18F00F590A1 /* Build configuration list for PBXProject "sampleAlerm52" */;
			compatibilityVersion = "Xcode 9.3";
			developmentRegion = en;
			hasScannedForEncodings = 0;
			knownRegions = (
				en,
				Base,
			);
			mainGroup = A907358B229CC18F00F590A1;
			productRefGroup = A9073595229CC18F00F590A1 /* Products */;
			projectDirPath = "";
			projectRoot = "";
			targets = (
				A9073593229CC18F00F590A1 /* sampleAlerm52 */,
			);
		};
/* End PBXProject section */

/* Begin PBXResourcesBuildPhase section */
		A9073592229CC18F00F590A1 /* Resources */ = {
			isa = PBXResourcesBuildPhase;
			buildActionMask = 2147483647;
			files = (
				A90735AA229CC74600F590A1 /* music2_1.caf in Resources */,
				A90735A2229CC19400F590A1 /* LaunchScreen.storyboard in Resources */,
				A907359F229CC19400F590A1 /* Assets.xcassets in Resources */,
				A907359D229CC18F00F590A1 /* Main.storyboard in Resources */,
			);
			runOnlyForDeploymentPostprocessing = 0;
		};
/* End PBXResourcesBuildPhase section */

/* Begin PBXSourcesBuildPhase section */
		A9073590229CC18F00F590A1 /* Sources */ = {
			isa = PBXSourcesBuildPhase;
			buildActionMask = 2147483647;
			files = (
				A907359A229CC18F00F590A1 /* ViewController.swift in Sources */,
				A90735AC229CCE4300F590A1 /* NextViewController.swift in Sources */,
				A9073598229CC18F00F590A1 /* AppDelegate.swift in Sources */,
			);
			runOnlyForDeploymentPostprocessing = 0;
		};
/* End PBXSourcesBuildPhase section */

/* Begin PBXVariantGroup section */
		A907359B229CC18F00F590A1 /* Main.storyboard */ = {
			isa = PBXVariantGroup;
			children = (
				A907359C229CC18F00F590A1 /* Base */,
			);
			name = Main.storyboard;
			sourceTree = "<group>";
		};
		A90735A0229CC19400F590A1 /* LaunchScreen.storyboard */ = {
			isa = PBXVariantGroup;
			children = (
				A90735A1229CC19400F590A1 /* Base */,
			);
			name = LaunchScreen.storyboard;
			sourceTree = "<group>";
		};
/* End PBXVariantGroup section */

/* Begin XCBuildConfiguration section */
		A90735A4229CC19400F590A1 /* Debug */ = {
			isa = XCBuildConfiguration;
			buildSettings = {
				ALWAYS_SEARCH_USER_PATHS = NO;
				CLANG_ANALYZER_NONNULL = YES;
				CLANG_ANALYZER_NUMBER_OBJECT_CONVERSION = YES_AGGRESSIVE;
				CLANG_CXX_LANGUAGE_STANDARD = "gnu++14";
				CLANG_CXX_LIBRARY = "libc++";
				CLANG_ENABLE_MODULES = YES;
				CLANG_ENABLE_OBJC_ARC = YES;
				CLANG_ENABLE_OBJC_WEAK = YES;
				CLANG_WARN_BLOCK_CAPTURE_AUTORELEASING = YES;
				CLANG_WARN_BOOL_CONVERSION = YES;
				CLANG_WARN_COMMA = YES;
				CLANG_WARN_CONSTANT_CONVERSION = YES;
				CLANG_WARN_DEPRECATED_OBJC_IMPLEMENTATIONS = YES;
				CLANG_WARN_DIRECT_OBJC_ISA_USAGE = YES_ERROR;
				CLANG_WARN_DOCUMENTATION_COMMENTS = YES;
				CLANG_WARN_EMPTY_BODY = YES;
				CLANG_WARN_ENUM_CONVERSION = YES;
				CLANG_WARN_INFINITE_RECURSION = YES;
				CLANG_WARN_INT_CONVERSION = YES;
				CLANG_WARN_NON_LITERAL_NULL_CONVERSION = YES;
				CLANG_WARN_OBJC_IMPLICIT_RETAIN_SELF = YES;
				CLANG_WARN_OBJC_LITERAL_CONVERSION = YES;
				CLANG_WARN_OBJC_ROOT_CLASS = YES_ERROR;
				CLANG_WARN_RANGE_LOOP_ANALYSIS = YES;
				CLANG_WARN_STRICT_PROTOTYPES = YES;
				CLANG_WARN_SUSPICIOUS_MOVE = YES;
				CLANG_WARN_UNGUARDED_AVAILABILITY = YES_AGGRESSIVE;
				CLANG_WARN_UNREACHABLE_CODE = YES;
				CLANG_WARN__DUPLICATE_METHOD_MATCH = YES;
				CODE_SIGN_IDENTITY = "iPhone Developer";
				COPY_PHASE_STRIP = NO;
				DEBUG_INFORMATION_FORMAT = dwarf;
				ENABLE_STRICT_OBJC_MSGSEND = YES;
				ENABLE_TESTABILITY = YES;
				GCC_C_LANGUAGE_STANDARD = gnu11;
				GCC_DYNAMIC_NO_PIC = NO;
				GCC_NO_COMMON_BLOCKS = YES;
				GCC_OPTIMIZATION_LEVEL = 0;
				GCC_PREPROCESSOR_DEFINITIONS = (
					"DEBUG=1",
					"$(inherited)",
				);
				GCC_WARN_64_TO_32_BIT_CONVERSION = YES;
				GCC_WARN_ABOUT_RETURN_TYPE = YES_ERROR;
				GCC_WARN_UNDECLARED_SELECTOR = YES;
				GCC_WARN_UNINITIALIZED_AUTOS = YES_AGGRESSIVE;
				GCC_WARN_UNUSED_FUNCTION = YES;
				GCC_WARN_UNUSED_VARIABLE = YES;
				IPHONEOS_DEPLOYMENT_TARGET = 12.2;
				MTL_ENABLE_DEBUG_INFO = INCLUDE_SOURCE;
				MTL_FAST_MATH = YES;
				ONLY_ACTIVE_ARCH = YES;
				SDKROOT = iphoneos;
				SWIFT_ACTIVE_COMPILATION_CONDITIONS = DEBUG;
				SWIFT_OPTIMIZATION_LEVEL = "-Onone";
			};
			name = Debug;
		};
		A90735A5229CC19400F590A1 /* Release */ = {
			isa = XCBuildConfiguration;
			buildSettings = {
				ALWAYS_SEARCH_USER_PATHS = NO;
				CLANG_ANALYZER_NONNULL = YES;
				CLANG_ANALYZER_NUMBER_OBJECT_CONVERSION = YES_AGGRESSIVE;
				CLANG_CXX_LANGUAGE_STANDARD = "gnu++14";
				CLANG_CXX_LIBRARY = "libc++";
				CLANG_ENABLE_MODULES = YES;
				CLANG_ENABLE_OBJC_ARC = YES;
				CLANG_ENABLE_OBJC_WEAK = YES;
				CLANG_WARN_BLOCK_CAPTURE_AUTORELEASING = YES;
				CLANG_WARN_BOOL_CONVERSION = YES;
				CLANG_WARN_COMMA = YES;
				CLANG_WARN_CONSTANT_CONVERSION = YES;
				CLANG_WARN_DEPRECATED_OBJC_IMPLEMENTATIONS = YES;
				CLANG_WARN_DIRECT_OBJC_ISA_USAGE = YES_ERROR;
				CLANG_WARN_DOCUMENTATION_COMMENTS = YES;
				CLANG_WARN_EMPTY_BODY = YES;
				CLANG_WARN_ENUM_CONVERSION = YES;
				CLANG_WARN_INFINITE_RECURSION = YES;
				CLANG_WARN_INT_CONVERSION = YES;
				CLANG_WARN_NON_LITERAL_NULL_CONVERSION = YES;
				CLANG_WARN_OBJC_IMPLICIT_RETAIN_SELF = YES;
				CLANG_WARN_OBJC_LITERAL_CONVERSION = YES;
				CLANG_WARN_OBJC_ROOT_CLASS = YES_ERROR;
				CLANG_WARN_RANGE_LOOP_ANALYSIS = YES;
				CLANG_WARN_STRICT_PROTOTYPES = YES;
				CLANG_WARN_SUSPICIOUS_MOVE = YES;
				CLANG_WARN_UNGUARDED_AVAILABILITY = YES_AGGRESSIVE;
				CLANG_WARN_UNREACHABLE_CODE = YES;
				CLANG_WARN__DUPLICATE_METHOD_MATCH = YES;
				CODE_SIGN_IDENTITY = "iPhone Developer";
				COPY_PHASE_STRIP = NO;
				DEBUG_INFORMATION_FORMAT = "dwarf-with-dsym";
				ENABLE_NS_ASSERTIONS = NO;
				ENABLE_STRICT_OBJC_MSGSEND = YES;
				GCC_C_LANGUAGE_STANDARD = gnu11;
				GCC_NO_COMMON_BLOCKS = YES;
				GCC_WARN_64_TO_32_BIT_CONVERSION = YES;
				GCC_WARN_ABOUT_RETURN_TYPE = YES_ERROR;
				GCC_WARN_UNDECLARED_SELECTOR = YES;
				GCC_WARN_UNINITIALIZED_AUTOS = YES_AGGRESSIVE;
				GCC_WARN_UNUSED_FUNCTION = YES;
				GCC_WARN_UNUSED_VARIABLE = YES;
				IPHONEOS_DEPLOYMENT_TARGET = 12.2;
				MTL_ENABLE_DEBUG_INFO = NO;
				MTL_FAST_MATH = YES;
				SDKROOT = iphoneos;
				SWIFT_COMPILATION_MODE = wholemodule;
				SWIFT_OPTIMIZATION_LEVEL = "-O";
				VALIDATE_PRODUCT = YES;
			};
			name = Release;
		};
		A90735A7229CC19400F590A1 /* Debug */ = {
			isa = XCBuildConfiguration;
			buildSettings = {
				ASSETCATALOG_COMPILER_APPICON_NAME = AppIcon;
				CODE_SIGN_STYLE = Automatic;
				DEVELOPMENT_TEAM = YN64Q62HBT;
				INFOPLIST_FILE = sampleAlerm52/Info.plist;
				LD_RUNPATH_SEARCH_PATHS = (
					"$(inherited)",
					"@executable_path/Frameworks",
				);
				PRODUCT_BUNDLE_IDENTIFIER = com.rokumura.sampleAlerm52;
				PRODUCT_NAME = "$(TARGET_NAME)";
				SWIFT_VERSION = 5.0;
				TARGETED_DEVICE_FAMILY = "1,2";
			};
			name = Debug;
		};
		A90735A8229CC19400F590A1 /* Release */ = {
			isa = XCBuildConfiguration;
			buildSettings = {
				ASSETCATALOG_COMPILER_APPICON_NAME = AppIcon;
				CODE_SIGN_STYLE = Automatic;
				DEVELOPMENT_TEAM = YN64Q62HBT;
				INFOPLIST_FILE = sampleAlerm52/Info.plist;
				LD_RUNPATH_SEARCH_PATHS = (
					"$(inherited)",
					"@executable_path/Frameworks",
				);
				PRODUCT_BUNDLE_IDENTIFIER = com.rokumura.sampleAlerm52;
				PRODUCT_NAME = "$(TARGET_NAME)";
				SWIFT_VERSION = 5.0;
				TARGETED_DEVICE_FAMILY = "1,2";
			};
			name = Release;
		};
/* End XCBuildConfiguration section */

/* Begin XCConfigurationList section */
		A907358F229CC18F00F590A1 /* Build configuration list for PBXProject "sampleAlerm52" */ = {
			isa = XCConfigurationList;
			buildConfigurations = (
				A90735A4229CC19400F590A1 /* Debug */,
				A90735A5229CC19400F590A1 /* Release */,
			);
			defaultConfigurationIsVisible = 0;
			defaultConfigurationName = Release;
		};
		A90735A6229CC19400F590A1 /* Build configuration list for PBXNativeTarget "sampleAlerm52" */ = {
			isa = XCConfigurationList;
			buildConfigurations = (
				A90735A7229CC19400F590A1 /* Debug */,
				A90735A8229CC19400F590A1 /* Release */,
			);
			defaultConfigurationIsVisible = 0;
			defaultConfigurationName = Release;
		};
/* End XCConfigurationList section */
	};
	rootObject = A907358C229CC18F00F590A1 /* Project object */;
}
